
Microsoft Visual Studio Solution File, Format Version 12.00
# Visual Studio Version 17
VisualStudioVersion = 17.4.33110.190
MinimumVisualStudioVersion = 10.0.40219.1
Project("{FAE04EC0-301F-11D3-BF4B-00C04F79EFBC}") = "CosmosSQLAPIIntegration", "CosmosSQLAPIIntegration\CosmosSQLAPIIntegration.csproj", "{D0523B99-2CAF-4245-A0DF-D7D69D12CA33}"
EndProject
Global
	GlobalSection(SolutionConfigurationPlatforms) = preSolution
		Debug|Any CPU = Debug|Any CPU
		Release|Any CPU = Release|Any CPU
	EndGlobalSection
	GlobalSection(ProjectConfigurationPlatforms) = postSolution
		{D0523B99-2CAF-4245-A0DF-D7D69D12CA33}.Debug|Any CPU.ActiveCfg = Debug|Any CPU
		{D0523B99-2CAF-4245-A0DF-D7D69D12CA33}.Debug|Any CPU.Build.0 = Debug|Any CPU
		{D0523B99-2CAF-4245-A0DF-D7D69D12CA33}.Release|Any CPU.ActiveCfg = Release|Any CPU
		{D0523B99-2CAF-4245-A0DF-D7D69D12CA33}.Release|Any CPU.Build.0 = Release|Any CPU
	EndGlobalSection
	GlobalSection(SolutionProperties) = preSolution
		HideSolutionNode = FALSE
	EndGlobalSection
	GlobalSection(ExtensibilityGlobals) = postSolution
		SolutionGuid = {1BF530CE-36BB-4E87-97FE-A4717E049E64}
	EndGlobalSection
EndGlobal
